
Microsoft Visual Studio Solution File, Format Version 12.00
# Visual Studio 15
VisualStudioVersion = 15.0.28010.2048
MinimumVisualStudioVersion = 10.0.40219.1
Project("{FAE04EC0-301F-11D3-BF4B-00C04F79EFBC}") = "list", "list\list.csproj", "{7A986679-A02C-403D-B41D-EE826923D241}"
EndProject
Global
	GlobalSection(SolutionConfigurationPlatforms) = preSolution
		Debug|Any CPU = Debug|Any CPU
		Release|Any CPU = Release|Any CPU
	EndGlobalSection
	GlobalSection(ProjectConfigurationPlatforms) = postSolution
		{7A986679-A02C-403D-B41D-EE826923D241}.Debug|Any CPU.ActiveCfg = Debug|Any CPU
		{7A986679-A02C-403D-B41D-EE826923D241}.Debug|Any CPU.Build.0 = Debug|Any CPU
		{7A986679-A02C-403D-B41D-EE826923D241}.Release|Any CPU.ActiveCfg = Release|Any CPU
		{7A986679-A02C-403D-B41D-EE826923D241}.Release|Any CPU.Build.0 = Release|Any CPU
	EndGlobalSection
	GlobalSection(SolutionProperties) = preSolution
		HideSolutionNode = FALSE
	EndGlobalSection
	GlobalSection(ExtensibilityGlobals) = postSolution
		SolutionGuid = {37285123-1F88-4708-98E3-C0BB8B79012C}
	EndGlobalSection
EndGlobal
