
Microsoft Visual Studio Solution File, Format Version 12.00
# Visual Studio 15
VisualStudioVersion = 15.0.28010.2048
MinimumVisualStudioVersion = 10.0.40219.1
Project("{FAE04EC0-301F-11D3-BF4B-00C04F79EFBC}") = "dictionary", "dictionary\dictionary.csproj", "{00B33732-1C20-4F2F-85C4-32A75811A7A6}"
EndProject
Global
	GlobalSection(SolutionConfigurationPlatforms) = preSolution
		Debug|Any CPU = Debug|Any CPU
		Release|Any CPU = Release|Any CPU
	EndGlobalSection
	GlobalSection(ProjectConfigurationPlatforms) = postSolution
		{00B33732-1C20-4F2F-85C4-32A75811A7A6}.Debug|Any CPU.ActiveCfg = Debug|Any CPU
		{00B33732-1C20-4F2F-85C4-32A75811A7A6}.Debug|Any CPU.Build.0 = Debug|Any CPU
		{00B33732-1C20-4F2F-85C4-32A75811A7A6}.Release|Any CPU.ActiveCfg = Release|Any CPU
		{00B33732-1C20-4F2F-85C4-32A75811A7A6}.Release|Any CPU.Build.0 = Release|Any CPU
	EndGlobalSection
	GlobalSection(SolutionProperties) = preSolution
		HideSolutionNode = FALSE
	EndGlobalSection
	GlobalSection(ExtensibilityGlobals) = postSolution
		SolutionGuid = {F618804D-18A0-4DB0-A884-3B63108D817E}
	EndGlobalSection
EndGlobal
