
Microsoft Visual Studio Solution File, Format Version 12.00
# Visual Studio 15
VisualStudioVersion = 15.0.28010.2048
MinimumVisualStudioVersion = 10.0.40219.1
Project("{FAE04EC0-301F-11D3-BF4B-00C04F79EFBC}") = "Tuple", "Tuple\Tuple.csproj", "{144EB7A0-82D8-4FA4-8A8E-239500CE63A3}"
EndProject
Global
	GlobalSection(SolutionConfigurationPlatforms) = preSolution
		Debug|Any CPU = Debug|Any CPU
		Release|Any CPU = Release|Any CPU
	EndGlobalSection
	GlobalSection(ProjectConfigurationPlatforms) = postSolution
		{144EB7A0-82D8-4FA4-8A8E-239500CE63A3}.Debug|Any CPU.ActiveCfg = Debug|Any CPU
		{144EB7A0-82D8-4FA4-8A8E-239500CE63A3}.Debug|Any CPU.Build.0 = Debug|Any CPU
		{144EB7A0-82D8-4FA4-8A8E-239500CE63A3}.Release|Any CPU.ActiveCfg = Release|Any CPU
		{144EB7A0-82D8-4FA4-8A8E-239500CE63A3}.Release|Any CPU.Build.0 = Release|Any CPU
	EndGlobalSection
	GlobalSection(SolutionProperties) = preSolution
		HideSolutionNode = FALSE
	EndGlobalSection
	GlobalSection(ExtensibilityGlobals) = postSolution
		SolutionGuid = {6B9B51C1-5AE5-4957-9735-1306511BC608}
	EndGlobalSection
EndGlobal
