
Microsoft Visual Studio Solution File, Format Version 12.00
# Visual Studio 15
VisualStudioVersion = 15.0.28010.2048
MinimumVisualStudioVersion = 10.0.40219.1
Project("{FAE04EC0-301F-11D3-BF4B-00C04F79EFBC}") = "DatabaseExample", "DatabaseExample\DatabaseExample.csproj", "{568A71E0-A63D-4251-BD22-86FFE386E87A}"
EndProject
Global
	GlobalSection(SolutionConfigurationPlatforms) = preSolution
		Debug|Any CPU = Debug|Any CPU
		Release|Any CPU = Release|Any CPU
	EndGlobalSection
	GlobalSection(ProjectConfigurationPlatforms) = postSolution
		{568A71E0-A63D-4251-BD22-86FFE386E87A}.Debug|Any CPU.ActiveCfg = Debug|Any CPU
		{568A71E0-A63D-4251-BD22-86FFE386E87A}.Debug|Any CPU.Build.0 = Debug|Any CPU
		{568A71E0-A63D-4251-BD22-86FFE386E87A}.Release|Any CPU.ActiveCfg = Release|Any CPU
		{568A71E0-A63D-4251-BD22-86FFE386E87A}.Release|Any CPU.Build.0 = Release|Any CPU
	EndGlobalSection
	GlobalSection(SolutionProperties) = preSolution
		HideSolutionNode = FALSE
	EndGlobalSection
	GlobalSection(ExtensibilityGlobals) = postSolution
		SolutionGuid = {EC3033ED-1AA5-4794-879F-1315653941A4}
	EndGlobalSection
EndGlobal
