
Microsoft Visual Studio Solution File, Format Version 12.00
# Visual Studio 15
VisualStudioVersion = 15.0.28010.2048
MinimumVisualStudioVersion = 10.0.40219.1
Project("{FAE04EC0-301F-11D3-BF4B-00C04F79EFBC}") = "codeFirstForm", "codeFirstForm\codeFirstForm.csproj", "{E7E48078-E678-4CF7-B20E-5DBFAF719625}"
EndProject
Project("{FAE04EC0-301F-11D3-BF4B-00C04F79EFBC}") = "codeFirst", "codeFirst\codeFirst.csproj", "{58D80058-E6B1-4BBF-BB27-62D345E12085}"
EndProject
Global
	GlobalSection(SolutionConfigurationPlatforms) = preSolution
		Debug|Any CPU = Debug|Any CPU
		Release|Any CPU = Release|Any CPU
	EndGlobalSection
	GlobalSection(ProjectConfigurationPlatforms) = postSolution
		{E7E48078-E678-4CF7-B20E-5DBFAF719625}.Debug|Any CPU.ActiveCfg = Debug|Any CPU
		{E7E48078-E678-4CF7-B20E-5DBFAF719625}.Debug|Any CPU.Build.0 = Debug|Any CPU
		{E7E48078-E678-4CF7-B20E-5DBFAF719625}.Release|Any CPU.ActiveCfg = Release|Any CPU
		{E7E48078-E678-4CF7-B20E-5DBFAF719625}.Release|Any CPU.Build.0 = Release|Any CPU
		{58D80058-E6B1-4BBF-BB27-62D345E12085}.Debug|Any CPU.ActiveCfg = Debug|Any CPU
		{58D80058-E6B1-4BBF-BB27-62D345E12085}.Debug|Any CPU.Build.0 = Debug|Any CPU
		{58D80058-E6B1-4BBF-BB27-62D345E12085}.Release|Any CPU.ActiveCfg = Release|Any CPU
		{58D80058-E6B1-4BBF-BB27-62D345E12085}.Release|Any CPU.Build.0 = Release|Any CPU
	EndGlobalSection
	GlobalSection(SolutionProperties) = preSolution
		HideSolutionNode = FALSE
	EndGlobalSection
	GlobalSection(ExtensibilityGlobals) = postSolution
		SolutionGuid = {FAAF5A2A-187D-40DB-AC45-E4A1E6C739B6}
	EndGlobalSection
EndGlobal
