
Microsoft Visual Studio Solution File, Format Version 12.00
# Visual Studio 15
VisualStudioVersion = 15.0.28010.2048
MinimumVisualStudioVersion = 10.0.40219.1
Project("{FAE04EC0-301F-11D3-BF4B-00C04F79EFBC}") = "AreaExample", "AreaExample\AreaExample.csproj", "{119914BF-1EFC-4104-91DF-E5164BE13DDE}"
EndProject
Global
	GlobalSection(SolutionConfigurationPlatforms) = preSolution
		Debug|Any CPU = Debug|Any CPU
		Release|Any CPU = Release|Any CPU
	EndGlobalSection
	GlobalSection(ProjectConfigurationPlatforms) = postSolution
		{119914BF-1EFC-4104-91DF-E5164BE13DDE}.Debug|Any CPU.ActiveCfg = Debug|Any CPU
		{119914BF-1EFC-4104-91DF-E5164BE13DDE}.Debug|Any CPU.Build.0 = Debug|Any CPU
		{119914BF-1EFC-4104-91DF-E5164BE13DDE}.Release|Any CPU.ActiveCfg = Release|Any CPU
		{119914BF-1EFC-4104-91DF-E5164BE13DDE}.Release|Any CPU.Build.0 = Release|Any CPU
	EndGlobalSection
	GlobalSection(SolutionProperties) = preSolution
		HideSolutionNode = FALSE
	EndGlobalSection
	GlobalSection(ExtensibilityGlobals) = postSolution
		SolutionGuid = {A016B279-C0B8-407D-B9E0-6F02A205CB5B}
	EndGlobalSection
EndGlobal
