
Microsoft Visual Studio Solution File, Format Version 12.00
# Visual Studio 15
VisualStudioVersion = 15.0.28010.2048
MinimumVisualStudioVersion = 10.0.40219.1
Project("{FAE04EC0-301F-11D3-BF4B-00C04F79EFBC}") = "mvc_ilk", "mvcilk\mvc_ilk.csproj", "{6E64CE39-CC29-4DA4-9404-DB8AF4B52938}"
EndProject
Global
	GlobalSection(SolutionConfigurationPlatforms) = preSolution
		Debug|Any CPU = Debug|Any CPU
		Release|Any CPU = Release|Any CPU
	EndGlobalSection
	GlobalSection(ProjectConfigurationPlatforms) = postSolution
		{6E64CE39-CC29-4DA4-9404-DB8AF4B52938}.Debug|Any CPU.ActiveCfg = Debug|Any CPU
		{6E64CE39-CC29-4DA4-9404-DB8AF4B52938}.Debug|Any CPU.Build.0 = Debug|Any CPU
		{6E64CE39-CC29-4DA4-9404-DB8AF4B52938}.Release|Any CPU.ActiveCfg = Release|Any CPU
		{6E64CE39-CC29-4DA4-9404-DB8AF4B52938}.Release|Any CPU.Build.0 = Release|Any CPU
	EndGlobalSection
	GlobalSection(SolutionProperties) = preSolution
		HideSolutionNode = FALSE
	EndGlobalSection
	GlobalSection(ExtensibilityGlobals) = postSolution
		SolutionGuid = {0185247A-840A-4203-90B3-9A908EE84EF8}
	EndGlobalSection
EndGlobal
